// !$*UTF8*$!
{
	archiveVersion = 1;
	classes = {
	};
	objectVersion = 46;
	objects = {

/* Begin PBXBuildFile section */
		DA8A9B9819B21A6D0029BFBB /* AppDelegate.swift in Sources */ = {isa = PBXBuildFile; fileRef = DA8A9B9719B21A6D0029BFBB /* AppDelegate.swift */; };
		DA8A9B9A19B21A6D0029BFBB /* ViewController.swift in Sources */ = {isa = PBXBuildFile; fileRef = DA8A9B9919B21A6D0029BFBB /* ViewController.swift */; };
		DA8A9B9D19B21A6D0029BFBB /* Main.storyboard in Resources */ = {isa = PBXBuildFile; fileRef = DA8A9B9B19B21A6D0029BFBB /* Main.storyboard */; };
		DA8A9B9F19B21A6D0029BFBB /* Images.xcassets in Resources */ = {isa = PBXBuildFile; fileRef = DA8A9B9E19B21A6D0029BFBB /* Images.xcassets */; };
		DA8A9BAB19B21A6D0029BFBB /* Swift_TechTalkTests.swift in Sources */ = {isa = PBXBuildFile; fileRef = DA8A9BAA19B21A6D0029BFBB /* Swift_TechTalkTests.swift */; };
/* End PBXBuildFile section */

/* Begin PBXContainerItemProxy section */
		DA8A9BA519B21A6D0029BFBB /* PBXContainerItemProxy */ = {
			isa = PBXContainerItemProxy;
			containerPortal = DA8A9B8A19B21A6D0029BFBB /* Project object */;
			proxyType = 1;
			remoteGlobalIDString = DA8A9B9119B21A6D0029BFBB;
			remoteInfo = Swift_TechTalk;
		};
/* End PBXContainerItemProxy section */

/* Begin PBXFileReference section */
		4382190719B45B18005B7B71 /* Enums.playground */ = {isa = PBXFileReference; lastKnownFileType = file.playground; path = Enums.playground; sourceTree = "<group>"; };
		43EC091719B22535001DA291 /* StringInterpolation.playground */ = {isa = PBXFileReference; lastKnownFileType = file.playground; name = StringInterpolation.playground; path = Playgrounds/StringInterpolation.playground; sourceTree = "<group>"; };
		43EC091819B22535001DA291 /* Tuples.playground */ = {isa = PBXFileReference; lastKnownFileType = file.playground; name = Tuples.playground; path = Playgrounds/Tuples.playground; sourceTree = "<group>"; };
		43FD783419B3294C00C8B804 /* ClassesAndCo.playground */ = {isa = PBXFileReference; lastKnownFileType = file.playground; path = ClassesAndCo.playground; sourceTree = "<group>"; };
		43FD783519B3595A00C8B804 /* Extensions.playground */ = {isa = PBXFileReference; lastKnownFileType = file.playground; path = Extensions.playground; sourceTree = "<group>"; };
		43FD783619B3659700C8B804 /* Collections.playground */ = {isa = PBXFileReference; lastKnownFileType = file.playground; path = Collections.playground; sourceTree = "<group>"; };
		43FD783719B370D200C8B804 /* Generics.playground */ = {isa = PBXFileReference; lastKnownFileType = file.playground; path = Generics.playground; sourceTree = "<group>"; };
		43FD783819B3C53900C8B804 /* FunctionalProgramming.playground */ = {isa = PBXFileReference; lastKnownFileType = file.playground; path = FunctionalProgramming.playground; sourceTree = "<group>"; };
		DA8A9B9219B21A6D0029BFBB /* Swift_TechTalk.app */ = {isa = PBXFileReference; explicitFileType = wrapper.application; includeInIndex = 0; path = Swift_TechTalk.app; sourceTree = BUILT_PRODUCTS_DIR; };
		DA8A9B9619B21A6D0029BFBB /* Info.plist */ = {isa = PBXFileReference; lastKnownFileType = text.plist.xml; path = Info.plist; sourceTree = "<group>"; };
		DA8A9B9719B21A6D0029BFBB /* AppDelegate.swift */ = {isa = PBXFileReference; lastKnownFileType = sourcecode.swift; path = AppDelegate.swift; sourceTree = "<group>"; };
		DA8A9B9919B21A6D0029BFBB /* ViewController.swift */ = {isa = PBXFileReference; lastKnownFileType = sourcecode.swift; path = ViewController.swift; sourceTree = "<group>"; };
		DA8A9B9C19B21A6D0029BFBB /* Base */ = {isa = PBXFileReference; lastKnownFileType = file.storyboard; name = Base; path = Base.lproj/Main.storyboard; sourceTree = "<group>"; };
		DA8A9B9E19B21A6D0029BFBB /* Images.xcassets */ = {isa = PBXFileReference; lastKnownFileType = folder.assetcatalog; path = Images.xcassets; sourceTree = "<group>"; };
		DA8A9BA419B21A6D0029BFBB /* Swift_TechTalkTests.xctest */ = {isa = PBXFileReference; explicitFileType = wrapper.cfbundle; includeInIndex = 0; path = Swift_TechTalkTests.xctest; sourceTree = BUILT_PRODUCTS_DIR; };
		DA8A9BA919B21A6D0029BFBB /* Info.plist */ = {isa = PBXFileReference; lastKnownFileType = text.plist.xml; path = Info.plist; sourceTree = "<group>"; };
		DA8A9BAA19B21A6D0029BFBB /* Swift_TechTalkTests.swift */ = {isa = PBXFileReference; lastKnownFileType = sourcecode.swift; path = Swift_TechTalkTests.swift; sourceTree = "<group>"; };
		DA8A9BB519B21D5B0029BFBB /* Functions.playground */ = {isa = PBXFileReference; lastKnownFileType = file.playground; name = Functions.playground; path = Playgrounds/Functions.playground; sourceTree = "<group>"; };
		DA8A9BB619B21D5B0029BFBB /* Variables.playground */ = {isa = PBXFileReference; lastKnownFileType = file.playground; name = Variables.playground; path = Playgrounds/Variables.playground; sourceTree = "<group>"; };
		DABE5A9A19B4DA7B006ADDC9 /* TechTalk_1.playground */ = {isa = PBXFileReference; lastKnownFileType = file.playground; name = TechTalk_1.playground; path = Live_Playgrounds/TechTalk_1.playground; sourceTree = "<group>"; };
/* End PBXFileReference section */

/* Begin PBXFrameworksBuildPhase section */
		DA8A9B8F19B21A6D0029BFBB /* Frameworks */ = {
			isa = PBXFrameworksBuildPhase;
			buildActionMask = 2147483647;
			files = (
			);
			runOnlyForDeploymentPostprocessing = 0;
		};
		DA8A9BA119B21A6D0029BFBB /* Frameworks */ = {
			isa = PBXFrameworksBuildPhase;
			buildActionMask = 2147483647;
			files = (
			);
			runOnlyForDeploymentPostprocessing = 0;
		};
/* End PBXFrameworksBuildPhase section */

/* Begin PBXGroup section */
		4388908419B4C64E002F4B46 /* Live Playgrounds */ = {
			isa = PBXGroup;
			children = (
				DABE5A9A19B4DA7B006ADDC9 /* TechTalk_1.playground */,
			);
			name = "Live Playgrounds";
			sourceTree = "<group>";
		};
		DA8A9B8919B21A6D0029BFBB = {
			isa = PBXGroup;
			children = (
				4388908419B4C64E002F4B46 /* Live Playgrounds */,
				DA8A9BB419B21D3F0029BFBB /* Playgrounds */,
				DA8A9B9419B21A6D0029BFBB /* Swift_TechTalk */,
				DA8A9BA719B21A6D0029BFBB /* Swift_TechTalkTests */,
				DA8A9B9319B21A6D0029BFBB /* Products */,
			);
			sourceTree = "<group>";
		};
		DA8A9B9319B21A6D0029BFBB /* Products */ = {
			isa = PBXGroup;
			children = (
				DA8A9B9219B21A6D0029BFBB /* Swift_TechTalk.app */,
				DA8A9BA419B21A6D0029BFBB /* Swift_TechTalkTests.xctest */,
			);
			name = Products;
			sourceTree = "<group>";
		};
		DA8A9B9419B21A6D0029BFBB /* Swift_TechTalk */ = {
			isa = PBXGroup;
			children = (
				DA8A9B9719B21A6D0029BFBB /* AppDelegate.swift */,
				DA8A9B9919B21A6D0029BFBB /* ViewController.swift */,
				DA8A9B9B19B21A6D0029BFBB /* Main.storyboard */,
				DA8A9B9E19B21A6D0029BFBB /* Images.xcassets */,
				DA8A9B9519B21A6D0029BFBB /* Supporting Files */,
			);
			path = Swift_TechTalk;
			sourceTree = "<group>";
		};
		DA8A9B9519B21A6D0029BFBB /* Supporting Files */ = {
			isa = PBXGroup;
			children = (
				DA8A9B9619B21A6D0029BFBB /* Info.plist */,
			);
			name = "Supporting Files";
			sourceTree = "<group>";
		};
		DA8A9BA719B21A6D0029BFBB /* Swift_TechTalkTests */ = {
			isa = PBXGroup;
			children = (
				DA8A9BAA19B21A6D0029BFBB /* Swift_TechTalkTests.swift */,
				DA8A9BA819B21A6D0029BFBB /* Supporting Files */,
			);
			path = Swift_TechTalkTests;
			sourceTree = "<group>";
		};
		DA8A9BA819B21A6D0029BFBB /* Supporting Files */ = {
			isa = PBXGroup;
			children = (
				DA8A9BA919B21A6D0029BFBB /* Info.plist */,
			);
			name = "Supporting Files";
			sourceTree = "<group>";
		};
		DA8A9BB419B21D3F0029BFBB /* Playgrounds */ = {
			isa = PBXGroup;
			children = (
				43EC091719B22535001DA291 /* StringInterpolation.playground */,
				43EC091819B22535001DA291 /* Tuples.playground */,
				DA8A9BB519B21D5B0029BFBB /* Functions.playground */,
				DA8A9BB619B21D5B0029BFBB /* Variables.playground */,
				43FD783419B3294C00C8B804 /* ClassesAndCo.playground */,
				43FD783519B3595A00C8B804 /* Extensions.playground */,
				43FD783619B3659700C8B804 /* Collections.playground */,
				43FD783719B370D200C8B804 /* Generics.playground */,
				43FD783819B3C53900C8B804 /* FunctionalProgramming.playground */,
				4382190719B45B18005B7B71 /* Enums.playground */,
			);
			name = Playgrounds;
			sourceTree = "<group>";
		};
/* End PBXGroup section */

/* Begin PBXNativeTarget section */
		DA8A9B9119B21A6D0029BFBB /* Swift_TechTalk */ = {
			isa = PBXNativeTarget;
			buildConfigurationList = DA8A9BAE19B21A6D0029BFBB /* Build configuration list for PBXNativeTarget "Swift_TechTalk" */;
			buildPhases = (
				DA8A9B8E19B21A6D0029BFBB /* Sources */,
				DA8A9B8F19B21A6D0029BFBB /* Frameworks */,
				DA8A9B9019B21A6D0029BFBB /* Resources */,
			);
			buildRules = (
			);
			dependencies = (
			);
			name = Swift_TechTalk;
			productName = Swift_TechTalk;
			productReference = DA8A9B9219B21A6D0029BFBB /* Swift_TechTalk.app */;
			productType = "com.apple.product-type.application";
		};
		DA8A9BA319B21A6D0029BFBB /* Swift_TechTalkTests */ = {
			isa = PBXNativeTarget;
			buildConfigurationList = DA8A9BB119B21A6D0029BFBB /* Build configuration list for PBXNativeTarget "Swift_TechTalkTests" */;
			buildPhases = (
				DA8A9BA019B21A6D0029BFBB /* Sources */,
				DA8A9BA119B21A6D0029BFBB /* Frameworks */,
				DA8A9BA219B21A6D0029BFBB /* Resources */,
			);
			buildRules = (
			);
			dependencies = (
				DA8A9BA619B21A6D0029BFBB /* PBXTargetDependency */,
			);
			name = Swift_TechTalkTests;
			productName = Swift_TechTalkTests;
			productReference = DA8A9BA419B21A6D0029BFBB /* Swift_TechTalkTests.xctest */;
			productType = "com.apple.product-type.bundle.unit-test";
		};
/* End PBXNativeTarget section */

/* Begin PBXProject section */
		DA8A9B8A19B21A6D0029BFBB /* Project object */ = {
			isa = PBXProject;
			attributes = {
				LastUpgradeCheck = 0600;
				ORGANIZATIONNAME = "Zühlke";
				TargetAttributes = {
					DA8A9B9119B21A6D0029BFBB = {
						CreatedOnToolsVersion = 6.0;
					};
					DA8A9BA319B21A6D0029BFBB = {
						CreatedOnToolsVersion = 6.0;
						TestTargetID = DA8A9B9119B21A6D0029BFBB;
					};
				};
			};
			buildConfigurationList = DA8A9B8D19B21A6D0029BFBB /* Build configuration list for PBXProject "Swift_TechTalk" */;
			compatibilityVersion = "Xcode 3.2";
			developmentRegion = English;
			hasScannedForEncodings = 0;
			knownRegions = (
				en,
				Base,
			);
			mainGroup = DA8A9B8919B21A6D0029BFBB;
			productRefGroup = DA8A9B9319B21A6D0029BFBB /* Products */;
			projectDirPath = "";
			projectRoot = "";
			targets = (
				DA8A9B9119B21A6D0029BFBB /* Swift_TechTalk */,
				DA8A9BA319B21A6D0029BFBB /* Swift_TechTalkTests */,
			);
		};
/* End PBXProject section */

/* Begin PBXResourcesBuildPhase section */
		DA8A9B9019B21A6D0029BFBB /* Resources */ = {
			isa = PBXResourcesBuildPhase;
			buildActionMask = 2147483647;
			files = (
				DA8A9B9D19B21A6D0029BFBB /* Main.storyboard in Resources */,
				DA8A9B9F19B21A6D0029BFBB /* Images.xcassets in Resources */,
			);
			runOnlyForDeploymentPostprocessing = 0;
		};
		DA8A9BA219B21A6D0029BFBB /* Resources */ = {
			isa = PBXResourcesBuildPhase;
			buildActionMask = 2147483647;
			files = (
			);
			runOnlyForDeploymentPostprocessing = 0;
		};
/* End PBXResourcesBuildPhase section */

/* Begin PBXSourcesBuildPhase section */
		DA8A9B8E19B21A6D0029BFBB /* Sources */ = {
			isa = PBXSourcesBuildPhase;
			buildActionMask = 2147483647;
			files = (
				DA8A9B9A19B21A6D0029BFBB /* ViewController.swift in Sources */,
				DA8A9B9819B21A6D0029BFBB /* AppDelegate.swift in Sources */,
			);
			runOnlyForDeploymentPostprocessing = 0;
		};
		DA8A9BA019B21A6D0029BFBB /* Sources */ = {
			isa = PBXSourcesBuildPhase;
			buildActionMask = 2147483647;
			files = (
				DA8A9BAB19B21A6D0029BFBB /* Swift_TechTalkTests.swift in Sources */,
			);
			runOnlyForDeploymentPostprocessing = 0;
		};
/* End PBXSourcesBuildPhase section */

/* Begin PBXTargetDependency section */
		DA8A9BA619B21A6D0029BFBB /* PBXTargetDependency */ = {
			isa = PBXTargetDependency;
			target = DA8A9B9119B21A6D0029BFBB /* Swift_TechTalk */;
			targetProxy = DA8A9BA519B21A6D0029BFBB /* PBXContainerItemProxy */;
		};
/* End PBXTargetDependency section */

/* Begin PBXVariantGroup section */
		DA8A9B9B19B21A6D0029BFBB /* Main.storyboard */ = {
			isa = PBXVariantGroup;
			children = (
				DA8A9B9C19B21A6D0029BFBB /* Base */,
			);
			name = Main.storyboard;
			sourceTree = "<group>";
		};
/* End PBXVariantGroup section */

/* Begin XCBuildConfiguration section */
		DA8A9BAC19B21A6D0029BFBB /* Debug */ = {
			isa = XCBuildConfiguration;
			buildSettings = {
				ALWAYS_SEARCH_USER_PATHS = NO;
				CLANG_CXX_LANGUAGE_STANDARD = "gnu++0x";
				CLANG_CXX_LIBRARY = "libc++";
				CLANG_ENABLE_MODULES = YES;
				CLANG_ENABLE_OBJC_ARC = YES;
				CLANG_WARN_BOOL_CONVERSION = YES;
				CLANG_WARN_CONSTANT_CONVERSION = YES;
				CLANG_WARN_DIRECT_OBJC_ISA_USAGE = YES_ERROR;
				CLANG_WARN_EMPTY_BODY = YES;
				CLANG_WARN_ENUM_CONVERSION = YES;
				CLANG_WARN_INT_CONVERSION = YES;
				CLANG_WARN_OBJC_ROOT_CLASS = YES_ERROR;
				CLANG_WARN_UNREACHABLE_CODE = YES;
				CLANG_WARN__DUPLICATE_METHOD_MATCH = YES;
				"CODE_SIGN_IDENTITY[sdk=iphoneos*]" = "iPhone Developer";
				COPY_PHASE_STRIP = NO;
				ENABLE_STRICT_OBJC_MSGSEND = YES;
				GCC_C_LANGUAGE_STANDARD = gnu99;
				GCC_DYNAMIC_NO_PIC = NO;
				GCC_OPTIMIZATION_LEVEL = 0;
				GCC_PREPROCESSOR_DEFINITIONS = (
					"DEBUG=1",
					"$(inherited)",
				);
				GCC_SYMBOLS_PRIVATE_EXTERN = NO;
				GCC_WARN_64_TO_32_BIT_CONVERSION = YES;
				GCC_WARN_ABOUT_RETURN_TYPE = YES_ERROR;
				GCC_WARN_UNDECLARED_SELECTOR = YES;
				GCC_WARN_UNINITIALIZED_AUTOS = YES_AGGRESSIVE;
				GCC_WARN_UNUSED_FUNCTION = YES;
				GCC_WARN_UNUSED_VARIABLE = YES;
				IPHONEOS_DEPLOYMENT_TARGET = 8.0;
				MTL_ENABLE_DEBUG_INFO = YES;
				ONLY_ACTIVE_ARCH = YES;
				SDKROOT = iphoneos;
				SWIFT_OPTIMIZATION_LEVEL = "-Onone";
				TARGETED_DEVICE_FAMILY = "1,2";
			};
			name = Debug;
		};
		DA8A9BAD19B21A6D0029BFBB /* Release */ = {
			isa = XCBuildConfiguration;
			buildSettings = {
				ALWAYS_SEARCH_USER_PATHS = NO;
				CLANG_CXX_LANGUAGE_STANDARD = "gnu++0x";
				CLANG_CXX_LIBRARY = "libc++";
				CLANG_ENABLE_MODULES = YES;
				CLANG_ENABLE_OBJC_ARC = YES;
				CLANG_WARN_BOOL_CONVERSION = YES;
				CLANG_WARN_CONSTANT_CONVERSION = YES;
				CLANG_WARN_DIRECT_OBJC_ISA_USAGE = YES_ERROR;
				CLANG_WARN_EMPTY_BODY = YES;
				CLANG_WARN_ENUM_CONVERSION = YES;
				CLANG_WARN_INT_CONVERSION = YES;
				CLANG_WARN_OBJC_ROOT_CLASS = YES_ERROR;
				CLANG_WARN_UNREACHABLE_CODE = YES;
				CLANG_WARN__DUPLICATE_METHOD_MATCH = YES;
				"CODE_SIGN_IDENTITY[sdk=iphoneos*]" = "iPhone Developer";
				COPY_PHASE_STRIP = YES;
				ENABLE_NS_ASSERTIONS = NO;
				ENABLE_STRICT_OBJC_MSGSEND = YES;
				GCC_C_LANGUAGE_STANDARD = gnu99;
				GCC_WARN_64_TO_32_BIT_CONVERSION = YES;
				GCC_WARN_ABOUT_RETURN_TYPE = YES_ERROR;
				GCC_WARN_UNDECLARED_SELECTOR = YES;
				GCC_WARN_UNINITIALIZED_AUTOS = YES_AGGRESSIVE;
				GCC_WARN_UNUSED_FUNCTION = YES;
				GCC_WARN_UNUSED_VARIABLE = YES;
				IPHONEOS_DEPLOYMENT_TARGET = 8.0;
				MTL_ENABLE_DEBUG_INFO = NO;
				SDKROOT = iphoneos;
				TARGETED_DEVICE_FAMILY = "1,2";
				VALIDATE_PRODUCT = YES;
			};
			name = Release;
		};
		DA8A9BAF19B21A6D0029BFBB /* Debug */ = {
			isa = XCBuildConfiguration;
			buildSettings = {
				ASSETCATALOG_COMPILER_APPICON_NAME = AppIcon;
				ASSETCATALOG_COMPILER_LAUNCHIMAGE_NAME = LaunchImage;
				INFOPLIST_FILE = Swift_TechTalk/Info.plist;
				LD_RUNPATH_SEARCH_PATHS = "$(inherited) @executable_path/Frameworks";
				PRODUCT_NAME = "$(TARGET_NAME)";
			};
			name = Debug;
		};
		DA8A9BB019B21A6D0029BFBB /* Release */ = {
			isa = XCBuildConfiguration;
			buildSettings = {
				ASSETCATALOG_COMPILER_APPICON_NAME = AppIcon;
				ASSETCATALOG_COMPILER_LAUNCHIMAGE_NAME = LaunchImage;
				INFOPLIST_FILE = Swift_TechTalk/Info.plist;
				LD_RUNPATH_SEARCH_PATHS = "$(inherited) @executable_path/Frameworks";
				PRODUCT_NAME = "$(TARGET_NAME)";
			};
			name = Release;
		};
		DA8A9BB219B21A6D0029BFBB /* Debug */ = {
			isa = XCBuildConfiguration;
			buildSettings = {
				BUNDLE_LOADER = "$(TEST_HOST)";
				FRAMEWORK_SEARCH_PATHS = (
					"$(SDKROOT)/Developer/Library/Frameworks",
					"$(inherited)",
				);
				GCC_PREPROCESSOR_DEFINITIONS = (
					"DEBUG=1",
					"$(inherited)",
				);
				INFOPLIST_FILE = Swift_TechTalkTests/Info.plist;
				LD_RUNPATH_SEARCH_PATHS = "$(inherited) @executable_path/Frameworks @loader_path/Frameworks";
				PRODUCT_NAME = "$(TARGET_NAME)";
				TEST_HOST = "$(BUILT_PRODUCTS_DIR)/Swift_TechTalk.app/Swift_TechTalk";
			};
			name = Debug;
		};
		DA8A9BB319B21A6D0029BFBB /* Release */ = {
			isa = XCBuildConfiguration;
			buildSettings = {
				BUNDLE_LOADER = "$(TEST_HOST)";
				FRAMEWORK_SEARCH_PATHS = (
					"$(SDKROOT)/Developer/Library/Frameworks",
					"$(inherited)",
				);
				INFOPLIST_FILE = Swift_TechTalkTests/Info.plist;
				LD_RUNPATH_SEARCH_PATHS = "$(inherited) @executable_path/Frameworks @loader_path/Frameworks";
				PRODUCT_NAME = "$(TARGET_NAME)";
				TEST_HOST = "$(BUILT_PRODUCTS_DIR)/Swift_TechTalk.app/Swift_TechTalk";
			};
			name = Release;
		};
/* End XCBuildConfiguration section */

/* Begin XCConfigurationList section */
		DA8A9B8D19B21A6D0029BFBB /* Build configuration list for PBXProject "Swift_TechTalk" */ = {
			isa = XCConfigurationList;
			buildConfigurations = (
				DA8A9BAC19B21A6D0029BFBB /* Debug */,
				DA8A9BAD19B21A6D0029BFBB /* Release */,
			);
			defaultConfigurationIsVisible = 0;
			defaultConfigurationName = Release;
		};
		DA8A9BAE19B21A6D0029BFBB /* Build configuration list for PBXNativeTarget "Swift_TechTalk" */ = {
			isa = XCConfigurationList;
			buildConfigurations = (
				DA8A9BAF19B21A6D0029BFBB /* Debug */,
				DA8A9BB019B21A6D0029BFBB /* Release */,
			);
			defaultConfigurationIsVisible = 0;
			defaultConfigurationName = Release;
		};
		DA8A9BB119B21A6D0029BFBB /* Build configuration list for PBXNativeTarget "Swift_TechTalkTests" */ = {
			isa = XCConfigurationList;
			buildConfigurations = (
				DA8A9BB219B21A6D0029BFBB /* Debug */,
				DA8A9BB319B21A6D0029BFBB /* Release */,
			);
			defaultConfigurationIsVisible = 0;
			defaultConfigurationName = Release;
		};
/* End XCConfigurationList section */
	};
	rootObject = DA8A9B8A19B21A6D0029BFBB /* Project object */;
}
